
Microsoft Visual Studio Solution File, Format Version 12.00
# Visual Studio Version 17
VisualStudioVersion = 17.14.36518.9 d17.14
MinimumVisualStudioVersion = 10.0.40219.1
Project("{FAE04EC0-301F-11D3-BF4B-00C04F79EFBC}") = "14-StatiClassExtensionMethodsExceptions", "14-StatiClassExtensionMethodsExceptions.csproj", "{9E11A385-10C5-4669-ACC2-4D96ADCBD290}"
EndProject
Global
	GlobalSection(SolutionConfigurationPlatforms) = preSolution
		Debug|Any CPU = Debug|Any CPU
		Release|Any CPU = Release|Any CPU
	EndGlobalSection
	GlobalSection(ProjectConfigurationPlatforms) = postSolution
		{9E11A385-10C5-4669-ACC2-4D96ADCBD290}.Debug|Any CPU.ActiveCfg = Debug|Any CPU
		{9E11A385-10C5-4669-ACC2-4D96ADCBD290}.Debug|Any CPU.Build.0 = Debug|Any CPU
		{9E11A385-10C5-4669-ACC2-4D96ADCBD290}.Release|Any CPU.ActiveCfg = Release|Any CPU
		{9E11A385-10C5-4669-ACC2-4D96ADCBD290}.Release|Any CPU.Build.0 = Release|Any CPU
	EndGlobalSection
	GlobalSection(SolutionProperties) = preSolution
		HideSolutionNode = FALSE
	EndGlobalSection
	GlobalSection(ExtensibilityGlobals) = postSolution
		SolutionGuid = {592E9682-A25F-4952-9D31-772D0C0544E6}
	EndGlobalSection
EndGlobal
