
Microsoft Visual Studio Solution File, Format Version 12.00
# Visual Studio Version 17
VisualStudioVersion = 17.14.36518.9 d17.14
MinimumVisualStudioVersion = 10.0.40219.1
Project("{FAE04EC0-301F-11D3-BF4B-00C04F79EFBC}") = "Universitet üçün şəxs idarəetmə sistemi", "Universitet üçün şəxs idarəetmə sistemi.csproj", "{7B978996-24C7-4B32-9ED0-283757D7A04C}"
EndProject
Global
	GlobalSection(SolutionConfigurationPlatforms) = preSolution
		Debug|Any CPU = Debug|Any CPU
		Release|Any CPU = Release|Any CPU
	EndGlobalSection
	GlobalSection(ProjectConfigurationPlatforms) = postSolution
		{7B978996-24C7-4B32-9ED0-283757D7A04C}.Debug|Any CPU.ActiveCfg = Debug|Any CPU
		{7B978996-24C7-4B32-9ED0-283757D7A04C}.Debug|Any CPU.Build.0 = Debug|Any CPU
		{7B978996-24C7-4B32-9ED0-283757D7A04C}.Release|Any CPU.ActiveCfg = Release|Any CPU
		{7B978996-24C7-4B32-9ED0-283757D7A04C}.Release|Any CPU.Build.0 = Release|Any CPU
	EndGlobalSection
	GlobalSection(SolutionProperties) = preSolution
		HideSolutionNode = FALSE
	EndGlobalSection
	GlobalSection(ExtensibilityGlobals) = postSolution
		SolutionGuid = {A7523419-D536-4468-8D38-19E02B14FED5}
	EndGlobalSection
EndGlobal
