
Microsoft Visual Studio Solution File, Format Version 12.00
# Visual Studio Version 17
VisualStudioVersion = 17.14.36518.9 d17.14
MinimumVisualStudioVersion = 10.0.40219.1
Project("{FAE04EC0-301F-11D3-BF4B-00C04F79EFBC}") = "12-InterfaceAbstraction", "12-InterfaceAbstraction.csproj", "{871529A0-D0EA-4AF2-976A-6E683BCD3CDC}"
EndProject
Global
	GlobalSection(SolutionConfigurationPlatforms) = preSolution
		Debug|Any CPU = Debug|Any CPU
		Release|Any CPU = Release|Any CPU
	EndGlobalSection
	GlobalSection(ProjectConfigurationPlatforms) = postSolution
		{871529A0-D0EA-4AF2-976A-6E683BCD3CDC}.Debug|Any CPU.ActiveCfg = Debug|Any CPU
		{871529A0-D0EA-4AF2-976A-6E683BCD3CDC}.Debug|Any CPU.Build.0 = Debug|Any CPU
		{871529A0-D0EA-4AF2-976A-6E683BCD3CDC}.Release|Any CPU.ActiveCfg = Release|Any CPU
		{871529A0-D0EA-4AF2-976A-6E683BCD3CDC}.Release|Any CPU.Build.0 = Release|Any CPU
	EndGlobalSection
	GlobalSection(SolutionProperties) = preSolution
		HideSolutionNode = FALSE
	EndGlobalSection
	GlobalSection(ExtensibilityGlobals) = postSolution
		SolutionGuid = {6DF09E9B-462D-4A8B-A7AC-3C4DFC02E63A}
	EndGlobalSection
EndGlobal
